
Microsoft Visual Studio Solution File, Format Version 12.00
# Visual Studio 2015
Project("{FAE04EC0-301F-11D3-BF4B-00C04F79EFBC}") = "Multiplayer-Action-Platformer-aafb732e0d59edb454d8b11c71c94a34469d2992", "Multiplayer-Action-Platformer-aafb732e0d59edb454d8b11c71c94a34469d2992.csproj", "{87F4703C-B65C-9D68-757E-64DED7DA4A39}"
EndProject
Global
	GlobalSection(SolutionConfigurationPlatforms) = preSolution
		Debug|Any CPU = Debug|Any CPU
		Release|Any CPU = Release|Any CPU
	EndGlobalSection
	GlobalSection(ProjectConfigurationPlatforms) = postSolution
		{87F4703C-B65C-9D68-757E-64DED7DA4A39}.Debug|Any CPU.ActiveCfg = Debug|Any CPU
		{87F4703C-B65C-9D68-757E-64DED7DA4A39}.Debug|Any CPU.Build.0 = Debug|Any CPU
		{87F4703C-B65C-9D68-757E-64DED7DA4A39}.Release|Any CPU.ActiveCfg = Release|Any CPU
		{87F4703C-B65C-9D68-757E-64DED7DA4A39}.Release|Any CPU.Build.0 = Release|Any CPU
	EndGlobalSection
	GlobalSection(SolutionProperties) = preSolution
		HideSolutionNode = FALSE
	EndGlobalSection
EndGlobal
