
Microsoft Visual Studio Solution File, Format Version 12.00
# Visual Studio 2015
Project("{FAE04EC0-301F-11D3-BF4B-00C04F79EFBC}") = "Multiplayer Action Platformer", "Multiplayer Action Platformer.csproj", "{02AD39FC-F866-DFD1-0386-E6629EAF4B95}"
EndProject
Project("{FAE04EC0-301F-11D3-BF4B-00C04F79EFBC}") = "Multiplayer Action Platformer.Editor", "Multiplayer Action Platformer.Editor.csproj", "{303C47DB-841E-B657-B902-2C85E0AAA99B}"
EndProject
Project("{FAE04EC0-301F-11D3-BF4B-00C04F79EFBC}") = "UnitTests", "..\UnitTests\UnitTests.csproj", "{174B8F08-2CC2-4FDF-895A-1C41CA1B9D3E}"
EndProject
Global
	GlobalSection(SolutionConfigurationPlatforms) = preSolution
		Debug|Any CPU = Debug|Any CPU
		Release|Any CPU = Release|Any CPU
	EndGlobalSection
	GlobalSection(ProjectConfigurationPlatforms) = postSolution
		{02AD39FC-F866-DFD1-0386-E6629EAF4B95}.Debug|Any CPU.ActiveCfg = Debug|Any CPU
		{02AD39FC-F866-DFD1-0386-E6629EAF4B95}.Debug|Any CPU.Build.0 = Debug|Any CPU
		{02AD39FC-F866-DFD1-0386-E6629EAF4B95}.Release|Any CPU.ActiveCfg = Release|Any CPU
		{02AD39FC-F866-DFD1-0386-E6629EAF4B95}.Release|Any CPU.Build.0 = Release|Any CPU
		{303C47DB-841E-B657-B902-2C85E0AAA99B}.Debug|Any CPU.ActiveCfg = Debug|Any CPU
		{303C47DB-841E-B657-B902-2C85E0AAA99B}.Debug|Any CPU.Build.0 = Debug|Any CPU
		{303C47DB-841E-B657-B902-2C85E0AAA99B}.Release|Any CPU.ActiveCfg = Release|Any CPU
		{303C47DB-841E-B657-B902-2C85E0AAA99B}.Release|Any CPU.Build.0 = Release|Any CPU
		{174B8F08-2CC2-4FDF-895A-1C41CA1B9D3E}.Debug|Any CPU.ActiveCfg = Debug|Any CPU
		{174B8F08-2CC2-4FDF-895A-1C41CA1B9D3E}.Debug|Any CPU.Build.0 = Debug|Any CPU
		{174B8F08-2CC2-4FDF-895A-1C41CA1B9D3E}.Release|Any CPU.ActiveCfg = Release|Any CPU
		{174B8F08-2CC2-4FDF-895A-1C41CA1B9D3E}.Release|Any CPU.Build.0 = Release|Any CPU
	EndGlobalSection
	GlobalSection(SolutionProperties) = preSolution
		HideSolutionNode = FALSE
	EndGlobalSection
EndGlobal
